// !$*UTF8*$!
{
	archiveVersion = 1;
	classes = {
	};
	objectVersion = 46;
	objects = {

/* Begin PBXBuildFile section */
		EA08BC231B96AFD200773D77 /* RecordedAudio.m in Sources */ = {isa = PBXBuildFile; fileRef = EA08BC221B96AFD200773D77 /* RecordedAudio.m */; };
		EA354F681B90225500CDA4DE /* main.m in Sources */ = {isa = PBXBuildFile; fileRef = EA354F671B90225500CDA4DE /* main.m */; };
		EA354F6B1B90225500CDA4DE /* AppDelegate.m in Sources */ = {isa = PBXBuildFile; fileRef = EA354F6A1B90225500CDA4DE /* AppDelegate.m */; };
		EA354F6E1B90225500CDA4DE /* RecordSoundViewController.m in Sources */ = {isa = PBXBuildFile; fileRef = EA354F6D1B90225500CDA4DE /* RecordSoundViewController.m */; };
		EA354F711B90225500CDA4DE /* Main.storyboard in Resources */ = {isa = PBXBuildFile; fileRef = EA354F6F1B90225500CDA4DE /* Main.storyboard */; };
		EA354F731B90225500CDA4DE /* Images.xcassets in Resources */ = {isa = PBXBuildFile; fileRef = EA354F721B90225500CDA4DE /* Images.xcassets */; };
		EA354F761B90225500CDA4DE /* LaunchScreen.xib in Resources */ = {isa = PBXBuildFile; fileRef = EA354F741B90225500CDA4DE /* LaunchScreen.xib */; };
		EA354F821B90225500CDA4DE /* PitchPerfectTests.m in Sources */ = {isa = PBXBuildFile; fileRef = EA354F811B90225500CDA4DE /* PitchPerfectTests.m */; };
		EA5286D21B9362860041BEFC /* PlaySoundsViewController.m in Sources */ = {isa = PBXBuildFile; fileRef = EA5286D11B9362860041BEFC /* PlaySoundsViewController.m */; };
		EA5286D41B936A990041BEFC /* movie_quote.mp3 in Resources */ = {isa = PBXBuildFile; fileRef = EA5286D31B936A990041BEFC /* movie_quote.mp3 */; };
/* End PBXBuildFile section */

/* Begin PBXContainerItemProxy section */
		EA354F7C1B90225500CDA4DE /* PBXContainerItemProxy */ = {
			isa = PBXContainerItemProxy;
			containerPortal = EA354F5A1B90225500CDA4DE /* Project object */;
			proxyType = 1;
			remoteGlobalIDString = EA354F611B90225500CDA4DE;
			remoteInfo = PitchPerfect;
		};
/* End PBXContainerItemProxy section */

/* Begin PBXFileReference section */
		EA08BC211B96AFD200773D77 /* RecordedAudio.h */ = {isa = PBXFileReference; fileEncoding = 4; lastKnownFileType = sourcecode.c.h; name = RecordedAudio.h; path = PitchPerfect/Model/RecordedAudio.h; sourceTree = "<group>"; };
		EA08BC221B96AFD200773D77 /* RecordedAudio.m */ = {isa = PBXFileReference; fileEncoding = 4; lastKnownFileType = sourcecode.c.objc; name = RecordedAudio.m; path = PitchPerfect/Model/RecordedAudio.m; sourceTree = "<group>"; };
		EA354F621B90225500CDA4DE /* PitchPerfect.app */ = {isa = PBXFileReference; explicitFileType = wrapper.application; includeInIndex = 0; path = PitchPerfect.app; sourceTree = BUILT_PRODUCTS_DIR; };
		EA354F661B90225500CDA4DE /* Info.plist */ = {isa = PBXFileReference; lastKnownFileType = text.plist.xml; path = Info.plist; sourceTree = "<group>"; };
		EA354F671B90225500CDA4DE /* main.m */ = {isa = PBXFileReference; lastKnownFileType = sourcecode.c.objc; path = main.m; sourceTree = "<group>"; };
		EA354F691B90225500CDA4DE /* AppDelegate.h */ = {isa = PBXFileReference; lastKnownFileType = sourcecode.c.h; path = AppDelegate.h; sourceTree = "<group>"; };
		EA354F6A1B90225500CDA4DE /* AppDelegate.m */ = {isa = PBXFileReference; lastKnownFileType = sourcecode.c.objc; path = AppDelegate.m; sourceTree = "<group>"; };
		EA354F6C1B90225500CDA4DE /* RecordSoundViewController.h */ = {isa = PBXFileReference; lastKnownFileType = sourcecode.c.h; path = RecordSoundViewController.h; sourceTree = "<group>"; };
		EA354F6D1B90225500CDA4DE /* RecordSoundViewController.m */ = {isa = PBXFileReference; lastKnownFileType = sourcecode.c.objc; path = RecordSoundViewController.m; sourceTree = "<group>"; };
		EA354F701B90225500CDA4DE /* Base */ = {isa = PBXFileReference; lastKnownFileType = file.storyboard; name = Base; path = Base.lproj/Main.storyboard; sourceTree = "<group>"; };
		EA354F721B90225500CDA4DE /* Images.xcassets */ = {isa = PBXFileReference; lastKnownFileType = folder.assetcatalog; path = Images.xcassets; sourceTree = "<group>"; };
		EA354F751B90225500CDA4DE /* Base */ = {isa = PBXFileReference; lastKnownFileType = file.xib; name = Base; path = Base.lproj/LaunchScreen.xib; sourceTree = "<group>"; };
		EA354F7B1B90225500CDA4DE /* PitchPerfectTests.xctest */ = {isa = PBXFileReference; explicitFileType = wrapper.cfbundle; includeInIndex = 0; path = PitchPerfectTests.xctest; sourceTree = BUILT_PRODUCTS_DIR; };
		EA354F801B90225500CDA4DE /* Info.plist */ = {isa = PBXFileReference; lastKnownFileType = text.plist.xml; path = Info.plist; sourceTree = "<group>"; };
		EA354F811B90225500CDA4DE /* PitchPerfectTests.m */ = {isa = PBXFileReference; lastKnownFileType = sourcecode.c.objc; path = PitchPerfectTests.m; sourceTree = "<group>"; };
		EA5286D01B9362860041BEFC /* PlaySoundsViewController.h */ = {isa = PBXFileReference; fileEncoding = 4; lastKnownFileType = sourcecode.c.h; path = PlaySoundsViewController.h; sourceTree = "<group>"; };
		EA5286D11B9362860041BEFC /* PlaySoundsViewController.m */ = {isa = PBXFileReference; fileEncoding = 4; lastKnownFileType = sourcecode.c.objc; path = PlaySoundsViewController.m; sourceTree = "<group>"; };
		EA5286D31B936A990041BEFC /* movie_quote.mp3 */ = {isa = PBXFileReference; lastKnownFileType = audio.mp3; path = movie_quote.mp3; sourceTree = "<group>"; };
/* End PBXFileReference section */

/* Begin PBXFrameworksBuildPhase section */
		EA354F5F1B90225500CDA4DE /* Frameworks */ = {
			isa = PBXFrameworksBuildPhase;
			buildActionMask = 2147483647;
			files = (
			);
			runOnlyForDeploymentPostprocessing = 0;
		};
		EA354F781B90225500CDA4DE /* Frameworks */ = {
			isa = PBXFrameworksBuildPhase;
			buildActionMask = 2147483647;
			files = (
			);
			runOnlyForDeploymentPostprocessing = 0;
		};
/* End PBXFrameworksBuildPhase section */

/* Begin PBXGroup section */
		EA354F591B90225500CDA4DE = {
			isa = PBXGroup;
			children = (
				EA08BC211B96AFD200773D77 /* RecordedAudio.h */,
				EA08BC221B96AFD200773D77 /* RecordedAudio.m */,
				EA354F641B90225500CDA4DE /* PitchPerfect */,
				EA354F7E1B90225500CDA4DE /* PitchPerfectTests */,
				EA354F631B90225500CDA4DE /* Products */,
			);
			sourceTree = "<group>";
		};
		EA354F631B90225500CDA4DE /* Products */ = {
			isa = PBXGroup;
			children = (
				EA354F621B90225500CDA4DE /* PitchPerfect.app */,
				EA354F7B1B90225500CDA4DE /* PitchPerfectTests.xctest */,
			);
			name = Products;
			sourceTree = "<group>";
		};
		EA354F641B90225500CDA4DE /* PitchPerfect */ = {
			isa = PBXGroup;
			children = (
				EA354F691B90225500CDA4DE /* AppDelegate.h */,
				EA354F6A1B90225500CDA4DE /* AppDelegate.m */,
				EA354F6C1B90225500CDA4DE /* RecordSoundViewController.h */,
				EA354F6D1B90225500CDA4DE /* RecordSoundViewController.m */,
				EA354F6F1B90225500CDA4DE /* Main.storyboard */,
				EA354F721B90225500CDA4DE /* Images.xcassets */,
				EA5286D01B9362860041BEFC /* PlaySoundsViewController.h */,
				EA5286D11B9362860041BEFC /* PlaySoundsViewController.m */,
				EA354F741B90225500CDA4DE /* LaunchScreen.xib */,
				EA354F651B90225500CDA4DE /* Supporting Files */,
			);
			path = PitchPerfect;
			sourceTree = "<group>";
		};
		EA354F651B90225500CDA4DE /* Supporting Files */ = {
			isa = PBXGroup;
			children = (
				EA5286D31B936A990041BEFC /* movie_quote.mp3 */,
				EA354F661B90225500CDA4DE /* Info.plist */,
				EA354F671B90225500CDA4DE /* main.m */,
			);
			name = "Supporting Files";
			sourceTree = "<group>";
		};
		EA354F7E1B90225500CDA4DE /* PitchPerfectTests */ = {
			isa = PBXGroup;
			children = (
				EA354F811B90225500CDA4DE /* PitchPerfectTests.m */,
				EA354F7F1B90225500CDA4DE /* Supporting Files */,
			);
			path = PitchPerfectTests;
			sourceTree = "<group>";
		};
		EA354F7F1B90225500CDA4DE /* Supporting Files */ = {
			isa = PBXGroup;
			children = (
				EA354F801B90225500CDA4DE /* Info.plist */,
			);
			name = "Supporting Files";
			sourceTree = "<group>";
		};
/* End PBXGroup section */

/* Begin PBXNativeTarget section */
		EA354F611B90225500CDA4DE /* PitchPerfect */ = {
			isa = PBXNativeTarget;
			buildConfigurationList = EA354F851B90225500CDA4DE /* Build configuration list for PBXNativeTarget "PitchPerfect" */;
			buildPhases = (
				EA354F5E1B90225500CDA4DE /* Sources */,
				EA354F5F1B90225500CDA4DE /* Frameworks */,
				EA354F601B90225500CDA4DE /* Resources */,
			);
			buildRules = (
			);
			dependencies = (
			);
			name = PitchPerfect;
			productName = PitchPerfect;
			productReference = EA354F621B90225500CDA4DE /* PitchPerfect.app */;
			productType = "com.apple.product-type.application";
		};
		EA354F7A1B90225500CDA4DE /* PitchPerfectTests */ = {
			isa = PBXNativeTarget;
			buildConfigurationList = EA354F881B90225500CDA4DE /* Build configuration list for PBXNativeTarget "PitchPerfectTests" */;
			buildPhases = (
				EA354F771B90225500CDA4DE /* Sources */,
				EA354F781B90225500CDA4DE /* Frameworks */,
				EA354F791B90225500CDA4DE /* Resources */,
			);
			buildRules = (
			);
			dependencies = (
				EA354F7D1B90225500CDA4DE /* PBXTargetDependency */,
			);
			name = PitchPerfectTests;
			productName = PitchPerfectTests;
			productReference = EA354F7B1B90225500CDA4DE /* PitchPerfectTests.xctest */;
			productType = "com.apple.product-type.bundle.unit-test";
		};
/* End PBXNativeTarget section */

/* Begin PBXProject section */
		EA354F5A1B90225500CDA4DE /* Project object */ = {
			isa = PBXProject;
			attributes = {
				LastUpgradeCheck = 0640;
				ORGANIZATIONNAME = Kwan;
				TargetAttributes = {
					EA354F611B90225500CDA4DE = {
						CreatedOnToolsVersion = 6.4;
					};
					EA354F7A1B90225500CDA4DE = {
						CreatedOnToolsVersion = 6.4;
						TestTargetID = EA354F611B90225500CDA4DE;
					};
				};
			};
			buildConfigurationList = EA354F5D1B90225500CDA4DE /* Build configuration list for PBXProject "PitchPerfect" */;
			compatibilityVersion = "Xcode 3.2";
			developmentRegion = English;
			hasScannedForEncodings = 0;
			knownRegions = (
				en,
				Base,
			);
			mainGroup = EA354F591B90225500CDA4DE;
			productRefGroup = EA354F631B90225500CDA4DE /* Products */;
			projectDirPath = "";
			projectRoot = "";
			targets = (
				EA354F611B90225500CDA4DE /* PitchPerfect */,
				EA354F7A1B90225500CDA4DE /* PitchPerfectTests */,
			);
		};
/* End PBXProject section */

/* Begin PBXResourcesBuildPhase section */
		EA354F601B90225500CDA4DE /* Resources */ = {
			isa = PBXResourcesBuildPhase;
			buildActionMask = 2147483647;
			files = (
				EA354F711B90225500CDA4DE /* Main.storyboard in Resources */,
				EA354F761B90225500CDA4DE /* LaunchScreen.xib in Resources */,
				EA5286D41B936A990041BEFC /* movie_quote.mp3 in Resources */,
				EA354F731B90225500CDA4DE /* Images.xcassets in Resources */,
			);
			runOnlyForDeploymentPostprocessing = 0;
		};
		EA354F791B90225500CDA4DE /* Resources */ = {
			isa = PBXResourcesBuildPhase;
			buildActionMask = 2147483647;
			files = (
			);
			runOnlyForDeploymentPostprocessing = 0;
		};
/* End PBXResourcesBuildPhase section */

/* Begin PBXSourcesBuildPhase section */
		EA354F5E1B90225500CDA4DE /* Sources */ = {
			isa = PBXSourcesBuildPhase;
			buildActionMask = 2147483647;
			files = (
				EA354F6E1B90225500CDA4DE /* RecordSoundViewController.m in Sources */,
				EA354F6B1B90225500CDA4DE /* AppDelegate.m in Sources */,
				EA5286D21B9362860041BEFC /* PlaySoundsViewController.m in Sources */,
				EA354F681B90225500CDA4DE /* main.m in Sources */,
				EA08BC231B96AFD200773D77 /* RecordedAudio.m in Sources */,
			);
			runOnlyForDeploymentPostprocessing = 0;
		};
		EA354F771B90225500CDA4DE /* Sources */ = {
			isa = PBXSourcesBuildPhase;
			buildActionMask = 2147483647;
			files = (
				EA354F821B90225500CDA4DE /* PitchPerfectTests.m in Sources */,
			);
			runOnlyForDeploymentPostprocessing = 0;
		};
/* End PBXSourcesBuildPhase section */

/* Begin PBXTargetDependency section */
		EA354F7D1B90225500CDA4DE /* PBXTargetDependency */ = {
			isa = PBXTargetDependency;
			target = EA354F611B90225500CDA4DE /* PitchPerfect */;
			targetProxy = EA354F7C1B90225500CDA4DE /* PBXContainerItemProxy */;
		};
/* End PBXTargetDependency section */

/* Begin PBXVariantGroup section */
		EA354F6F1B90225500CDA4DE /* Main.storyboard */ = {
			isa = PBXVariantGroup;
			children = (
				EA354F701B90225500CDA4DE /* Base */,
			);
			name = Main.storyboard;
			sourceTree = "<group>";
		};
		EA354F741B90225500CDA4DE /* LaunchScreen.xib */ = {
			isa = PBXVariantGroup;
			children = (
				EA354F751B90225500CDA4DE /* Base */,
			);
			name = LaunchScreen.xib;
			sourceTree = "<group>";
		};
/* End PBXVariantGroup section */

/* Begin XCBuildConfiguration section */
		EA354F831B90225500CDA4DE /* Debug */ = {
			isa = XCBuildConfiguration;
			buildSettings = {
				ALWAYS_SEARCH_USER_PATHS = NO;
				CLANG_CXX_LANGUAGE_STANDARD = "gnu++0x";
				CLANG_CXX_LIBRARY = "libc++";
				CLANG_ENABLE_MODULES = YES;
				CLANG_ENABLE_OBJC_ARC = YES;
				CLANG_WARN_BOOL_CONVERSION = YES;
				CLANG_WARN_CONSTANT_CONVERSION = YES;
				CLANG_WARN_DIRECT_OBJC_ISA_USAGE = YES_ERROR;
				CLANG_WARN_EMPTY_BODY = YES;
				CLANG_WARN_ENUM_CONVERSION = YES;
				CLANG_WARN_INT_CONVERSION = YES;
				CLANG_WARN_OBJC_ROOT_CLASS = YES_ERROR;
				CLANG_WARN_UNREACHABLE_CODE = YES;
				CLANG_WARN__DUPLICATE_METHOD_MATCH = YES;
				"CODE_SIGN_IDENTITY[sdk=iphoneos*]" = "iPhone Developer";
				COPY_PHASE_STRIP = NO;
				DEBUG_INFORMATION_FORMAT = "dwarf-with-dsym";
				ENABLE_STRICT_OBJC_MSGSEND = YES;
				GCC_C_LANGUAGE_STANDARD = gnu99;
				GCC_DYNAMIC_NO_PIC = NO;
				GCC_NO_COMMON_BLOCKS = YES;
				GCC_OPTIMIZATION_LEVEL = 0;
				GCC_PREPROCESSOR_DEFINITIONS = (
					"DEBUG=1",
					"$(inherited)",
				);
				GCC_SYMBOLS_PRIVATE_EXTERN = NO;
				GCC_WARN_64_TO_32_BIT_CONVERSION = YES;
				GCC_WARN_ABOUT_RETURN_TYPE = YES_ERROR;
				GCC_WARN_UNDECLARED_SELECTOR = YES;
				GCC_WARN_UNINITIALIZED_AUTOS = YES_AGGRESSIVE;
				GCC_WARN_UNUSED_FUNCTION = YES;
				GCC_WARN_UNUSED_VARIABLE = YES;
				IPHONEOS_DEPLOYMENT_TARGET = 8.4;
				MTL_ENABLE_DEBUG_INFO = YES;
				ONLY_ACTIVE_ARCH = YES;
				SDKROOT = iphoneos;
			};
			name = Debug;
		};
		EA354F841B90225500CDA4DE /* Release */ = {
			isa = XCBuildConfiguration;
			buildSettings = {
				ALWAYS_SEARCH_USER_PATHS = NO;
				CLANG_CXX_LANGUAGE_STANDARD = "gnu++0x";
				CLANG_CXX_LIBRARY = "libc++";
				CLANG_ENABLE_MODULES = YES;
				CLANG_ENABLE_OBJC_ARC = YES;
				CLANG_WARN_BOOL_CONVERSION = YES;
				CLANG_WARN_CONSTANT_CONVERSION = YES;
				CLANG_WARN_DIRECT_OBJC_ISA_USAGE = YES_ERROR;
				CLANG_WARN_EMPTY_BODY = YES;
				CLANG_WARN_ENUM_CONVERSION = YES;
				CLANG_WARN_INT_CONVERSION = YES;
				CLANG_WARN_OBJC_ROOT_CLASS = YES_ERROR;
				CLANG_WARN_UNREACHABLE_CODE = YES;
				CLANG_WARN__DUPLICATE_METHOD_MATCH = YES;
				"CODE_SIGN_IDENTITY[sdk=iphoneos*]" = "iPhone Developer";
				COPY_PHASE_STRIP = NO;
				DEBUG_INFORMATION_FORMAT = "dwarf-with-dsym";
				ENABLE_NS_ASSERTIONS = NO;
				ENABLE_STRICT_OBJC_MSGSEND = YES;
				GCC_C_LANGUAGE_STANDARD = gnu99;
				GCC_NO_COMMON_BLOCKS = YES;
				GCC_WARN_64_TO_32_BIT_CONVERSION = YES;
				GCC_WARN_ABOUT_RETURN_TYPE = YES_ERROR;
				GCC_WARN_UNDECLARED_SELECTOR = YES;
				GCC_WARN_UNINITIALIZED_AUTOS = YES_AGGRESSIVE;
				GCC_WARN_UNUSED_FUNCTION = YES;
				GCC_WARN_UNUSED_VARIABLE = YES;
				IPHONEOS_DEPLOYMENT_TARGET = 8.4;
				MTL_ENABLE_DEBUG_INFO = NO;
				SDKROOT = iphoneos;
				VALIDATE_PRODUCT = YES;
			};
			name = Release;
		};
		EA354F861B90225500CDA4DE /* Debug */ = {
			isa = XCBuildConfiguration;
			buildSettings = {
				ASSETCATALOG_COMPILER_APPICON_NAME = AppIcon;
				INFOPLIST_FILE = PitchPerfect/Info.plist;
				LD_RUNPATH_SEARCH_PATHS = "$(inherited) @executable_path/Frameworks";
				PRODUCT_NAME = "$(TARGET_NAME)";
				TARGETED_DEVICE_FAMILY = 1;
			};
			name = Debug;
		};
		EA354F871B90225500CDA4DE /* Release */ = {
			isa = XCBuildConfiguration;
			buildSettings = {
				ASSETCATALOG_COMPILER_APPICON_NAME = AppIcon;
				INFOPLIST_FILE = PitchPerfect/Info.plist;
				LD_RUNPATH_SEARCH_PATHS = "$(inherited) @executable_path/Frameworks";
				PRODUCT_NAME = "$(TARGET_NAME)";
				TARGETED_DEVICE_FAMILY = 1;
			};
			name = Release;
		};
		EA354F891B90225500CDA4DE /* Debug */ = {
			isa = XCBuildConfiguration;
			buildSettings = {
				BUNDLE_LOADER = "$(TEST_HOST)";
				FRAMEWORK_SEARCH_PATHS = (
					"$(SDKROOT)/Developer/Library/Frameworks",
					"$(inherited)",
				);
				GCC_PREPROCESSOR_DEFINITIONS = (
					"DEBUG=1",
					"$(inherited)",
				);
				INFOPLIST_FILE = PitchPerfectTests/Info.plist;
				LD_RUNPATH_SEARCH_PATHS = "$(inherited) @executable_path/Frameworks @loader_path/Frameworks";
				PRODUCT_NAME = "$(TARGET_NAME)";
				TEST_HOST = "$(BUILT_PRODUCTS_DIR)/PitchPerfect.app/PitchPerfect";
			};
			name = Debug;
		};
		EA354F8A1B90225500CDA4DE /* Release */ = {
			isa = XCBuildConfiguration;
			buildSettings = {
				BUNDLE_LOADER = "$(TEST_HOST)";
				FRAMEWORK_SEARCH_PATHS = (
					"$(SDKROOT)/Developer/Library/Frameworks",
					"$(inherited)",
				);
				INFOPLIST_FILE = PitchPerfectTests/Info.plist;
				LD_RUNPATH_SEARCH_PATHS = "$(inherited) @executable_path/Frameworks @loader_path/Frameworks";
				PRODUCT_NAME = "$(TARGET_NAME)";
				TEST_HOST = "$(BUILT_PRODUCTS_DIR)/PitchPerfect.app/PitchPerfect";
			};
			name = Release;
		};
/* End XCBuildConfiguration section */

/* Begin XCConfigurationList section */
		EA354F5D1B90225500CDA4DE /* Build configuration list for PBXProject "PitchPerfect" */ = {
			isa = XCConfigurationList;
			buildConfigurations = (
				EA354F831B90225500CDA4DE /* Debug */,
				EA354F841B90225500CDA4DE /* Release */,
			);
			defaultConfigurationIsVisible = 0;
			defaultConfigurationName = Release;
		};
		EA354F851B90225500CDA4DE /* Build configuration list for PBXNativeTarget "PitchPerfect" */ = {
			isa = XCConfigurationList;
			buildConfigurations = (
				EA354F861B90225500CDA4DE /* Debug */,
				EA354F871B90225500CDA4DE /* Release */,
			);
			defaultConfigurationIsVisible = 0;
			defaultConfigurationName = Release;
		};
		EA354F881B90225500CDA4DE /* Build configuration list for PBXNativeTarget "PitchPerfectTests" */ = {
			isa = XCConfigurationList;
			buildConfigurations = (
				EA354F891B90225500CDA4DE /* Debug */,
				EA354F8A1B90225500CDA4DE /* Release */,
			);
			defaultConfigurationIsVisible = 0;
			defaultConfigurationName = Release;
		};
/* End XCConfigurationList section */
	};
	rootObject = EA354F5A1B90225500CDA4DE /* Project object */;
}
